
Microsoft Visual Studio Solution File, Format Version 12.00
# Visual Studio Version 16
VisualStudioVersion = 16.0.29709.97
MinimumVisualStudioVersion = 10.0.40219.1
Project("{FAE04EC0-301F-11D3-BF4B-00C04F79EFBC}") = "EndProject", "EndProject\EndProject.csproj", "{D368D605-43D2-4329-AF01-E21A0F76FB15}"
EndProject
Global
	GlobalSection(SolutionConfigurationPlatforms) = preSolution
		Debug|Any CPU = Debug|Any CPU
		Release|Any CPU = Release|Any CPU
	EndGlobalSection
	GlobalSection(ProjectConfigurationPlatforms) = postSolution
		{D368D605-43D2-4329-AF01-E21A0F76FB15}.Debug|Any CPU.ActiveCfg = Debug|Any CPU
		{D368D605-43D2-4329-AF01-E21A0F76FB15}.Debug|Any CPU.Build.0 = Debug|Any CPU
		{D368D605-43D2-4329-AF01-E21A0F76FB15}.Release|Any CPU.ActiveCfg = Release|Any CPU
		{D368D605-43D2-4329-AF01-E21A0F76FB15}.Release|Any CPU.Build.0 = Release|Any CPU
	EndGlobalSection
	GlobalSection(SolutionProperties) = preSolution
		HideSolutionNode = FALSE
	EndGlobalSection
	GlobalSection(ExtensibilityGlobals) = postSolution
		SolutionGuid = {3DF32956-FCC1-4FF2-86D4-142BAF2DE819}
	EndGlobalSection
EndGlobal
